
Microsoft Visual Studio Solution File, Format Version 12.00
# Visual Studio Version 17
VisualStudioVersion = 17.7.34024.191
MinimumVisualStudioVersion = 10.0.40219.1
Project("{FAE04EC0-301F-11D3-BF4B-00C04F79EFBC}") = "ProjetoUsuarios", "ProjetoUsuarios.csproj", "{FB395CD1-6193-4FED-A1ED-4C34BCBACF56}"
EndProject
Global
	GlobalSection(SolutionConfigurationPlatforms) = preSolution
		Debug|Any CPU = Debug|Any CPU
		Release|Any CPU = Release|Any CPU
	EndGlobalSection
	GlobalSection(ProjectConfigurationPlatforms) = postSolution
		{FB395CD1-6193-4FED-A1ED-4C34BCBACF56}.Debug|Any CPU.ActiveCfg = Debug|Any CPU
		{FB395CD1-6193-4FED-A1ED-4C34BCBACF56}.Debug|Any CPU.Build.0 = Debug|Any CPU
		{FB395CD1-6193-4FED-A1ED-4C34BCBACF56}.Release|Any CPU.ActiveCfg = Release|Any CPU
		{FB395CD1-6193-4FED-A1ED-4C34BCBACF56}.Release|Any CPU.Build.0 = Release|Any CPU
	EndGlobalSection
	GlobalSection(SolutionProperties) = preSolution
		HideSolutionNode = FALSE
	EndGlobalSection
	GlobalSection(ExtensibilityGlobals) = postSolution
		SolutionGuid = {C5460653-247E-4929-8E4C-2512E5707C1A}
	EndGlobalSection
EndGlobal
